
Microsoft Visual Studio Solution File, Format Version 12.00
# Visual Studio Version 16
VisualStudioVersion = 16.0.28803.452
MinimumVisualStudioVersion = 10.0.40219.1
Project("{FAE04EC0-301F-11D3-BF4B-00C04F79EFBC}") = "TestDragRacing", "TestDragRacing\TestDragRacing.csproj", "{7D781545-77AF-4BE7-9762-B1C1D54F3FE5}"
EndProject
Global
	GlobalSection(SolutionConfigurationPlatforms) = preSolution
		Debug|Any CPU = Debug|Any CPU
		Release|Any CPU = Release|Any CPU
	EndGlobalSection
	GlobalSection(ProjectConfigurationPlatforms) = postSolution
		{7D781545-77AF-4BE7-9762-B1C1D54F3FE5}.Debug|Any CPU.ActiveCfg = Debug|Any CPU
		{7D781545-77AF-4BE7-9762-B1C1D54F3FE5}.Debug|Any CPU.Build.0 = Debug|Any CPU
		{7D781545-77AF-4BE7-9762-B1C1D54F3FE5}.Release|Any CPU.ActiveCfg = Release|Any CPU
		{7D781545-77AF-4BE7-9762-B1C1D54F3FE5}.Release|Any CPU.Build.0 = Release|Any CPU
	EndGlobalSection
	GlobalSection(SolutionProperties) = preSolution
		HideSolutionNode = FALSE
	EndGlobalSection
	GlobalSection(ExtensibilityGlobals) = postSolution
		SolutionGuid = {BA609B04-EA5D-4321-846B-98C9AF8D48D6}
	EndGlobalSection
EndGlobal
