
Microsoft Visual Studio Solution File, Format Version 12.00
# Visual Studio Version 16
VisualStudioVersion = 16.0.28803.452
MinimumVisualStudioVersion = 10.0.40219.1
Project("{FAE04EC0-301F-11D3-BF4B-00C04F79EFBC}") = "SolidColorPicker", "SolidColorPicker\SolidColorPicker.csproj", "{FF80A7B2-5600-4CAC-967F-DF9C7CA397C2}"
EndProject
Global
	GlobalSection(SolutionConfigurationPlatforms) = preSolution
		Debug|Any CPU = Debug|Any CPU
		Release|Any CPU = Release|Any CPU
	EndGlobalSection
	GlobalSection(ProjectConfigurationPlatforms) = postSolution
		{FF80A7B2-5600-4CAC-967F-DF9C7CA397C2}.Debug|Any CPU.ActiveCfg = Debug|Any CPU
		{FF80A7B2-5600-4CAC-967F-DF9C7CA397C2}.Debug|Any CPU.Build.0 = Debug|Any CPU
		{FF80A7B2-5600-4CAC-967F-DF9C7CA397C2}.Release|Any CPU.ActiveCfg = Release|Any CPU
		{FF80A7B2-5600-4CAC-967F-DF9C7CA397C2}.Release|Any CPU.Build.0 = Release|Any CPU
	EndGlobalSection
	GlobalSection(SolutionProperties) = preSolution
		HideSolutionNode = FALSE
	EndGlobalSection
	GlobalSection(ExtensibilityGlobals) = postSolution
		SolutionGuid = {935EE935-057A-4017-B1BA-7DEE0D23378D}
	EndGlobalSection
EndGlobal
